
Microsoft Visual Studio Solution File, Format Version 12.00
# Visual Studio 15
VisualStudioVersion = 15.0.28307.779
MinimumVisualStudioVersion = 10.0.40219.1
Project("{FAE04EC0-301F-11D3-BF4B-00C04F79EFBC}") = "DesignPatterns", "DesignPatterns\DesignPatterns.csproj", "{164B90D1-10FC-4420-8E16-1D34682BC59C}"
EndProject
Project("{FAE04EC0-301F-11D3-BF4B-00C04F79EFBC}") = "DesignPatternsTests", "DesignPatternsTests\DesignPatternsTests.csproj", "{0698103A-1854-4AE2-AD60-D122D0DEB5EA}"
EndProject
Global
	GlobalSection(SolutionConfigurationPlatforms) = preSolution
		Debug|Any CPU = Debug|Any CPU
		Release|Any CPU = Release|Any CPU
	EndGlobalSection
	GlobalSection(ProjectConfigurationPlatforms) = postSolution
		{164B90D1-10FC-4420-8E16-1D34682BC59C}.Debug|Any CPU.ActiveCfg = Debug|Any CPU
		{164B90D1-10FC-4420-8E16-1D34682BC59C}.Debug|Any CPU.Build.0 = Debug|Any CPU
		{164B90D1-10FC-4420-8E16-1D34682BC59C}.Release|Any CPU.ActiveCfg = Release|Any CPU
		{164B90D1-10FC-4420-8E16-1D34682BC59C}.Release|Any CPU.Build.0 = Release|Any CPU
		{0698103A-1854-4AE2-AD60-D122D0DEB5EA}.Debug|Any CPU.ActiveCfg = Debug|Any CPU
		{0698103A-1854-4AE2-AD60-D122D0DEB5EA}.Debug|Any CPU.Build.0 = Debug|Any CPU
		{0698103A-1854-4AE2-AD60-D122D0DEB5EA}.Release|Any CPU.ActiveCfg = Release|Any CPU
		{0698103A-1854-4AE2-AD60-D122D0DEB5EA}.Release|Any CPU.Build.0 = Release|Any CPU
	EndGlobalSection
	GlobalSection(SolutionProperties) = preSolution
		HideSolutionNode = FALSE
	EndGlobalSection
	GlobalSection(ExtensibilityGlobals) = postSolution
		SolutionGuid = {42B303FE-F430-49EF-8404-0E353D0A9234}
	EndGlobalSection
EndGlobal
